
Microsoft Visual Studio Solution File, Format Version 12.00
# Visual Studio Version 17
VisualStudioVersion = 17.14.36414.22
MinimumVisualStudioVersion = 10.0.40219.1
Project("{FAE04EC0-301F-11D3-BF4B-00C04F79EFBC}") = "Sprint 4.1", "Sprint 4.1\Sprint 4.1.csproj", "{2AC490C3-9FC4-4592-8958-1C662AD46683}"
EndProject
Project("{FAE04EC0-301F-11D3-BF4B-00C04F79EFBC}") = "Sprint 4.2", "Sprint 4.2\Sprint 4.2.csproj", "{D7536636-80AB-47DD-9A74-2536AF461E67}"
EndProject
Project("{FAE04EC0-301F-11D3-BF4B-00C04F79EFBC}") = "Sprint 4.3", "Sprint 4.3\Sprint 4.3.csproj", "{71E9EEFA-E73B-4231-9B03-8032C917FAFB}"
EndProject
Project("{2150E333-8FDC-42A3-9474-1A3956D46DE8}") = "Solution Items", "Solution Items", "{8EC462FD-D22E-90A8-E5CE-7E832BA40C5D}"
	ProjectSection(SolutionItems) = preProject
		TextFile1.txt = TextFile1.txt
	EndProjectSection
EndProject
Project("{FAE04EC0-301F-11D3-BF4B-00C04F79EFBC}") = "Sprint 4.4", "Sprint 4.4\Sprint 4.4.csproj", "{8726CD7E-7637-4D1E-9245-2EA4E09D1DAB}"
EndProject
Project("{FAE04EC0-301F-11D3-BF4B-00C04F79EFBC}") = "Sprint 4.4 - FixTrix", "Sprint 4.4 - FixTrix\Sprint 4.4 - FixTrix.csproj", "{ADF27EEA-6715-450A-946D-B693747E1718}"
EndProject
Project("{FAE04EC0-301F-11D3-BF4B-00C04F79EFBC}") = "Sprint 4.5", "Sprint 4.5\Sprint 4.5.csproj", "{2DFD5134-72F1-4D31-9672-1A79A219EEEB}"
EndProject
Project("{FAE04EC0-301F-11D3-BF4B-00C04F79EFBC}") = "Sprint 4.6", "Sprint 4.6\Sprint 4.6.csproj", "{77888D9B-E19C-4EE4-A1CC-CD5E3A105D99}"
EndProject
Project("{FAE04EC0-301F-11D3-BF4B-00C04F79EFBC}") = "Sprint 4.7", "Sprint 4.7\Sprint 4.7.csproj", "{A1B0F5FA-130B-4F16-8E74-D96F931B8C5F}"
EndProject
Project("{FAE04EC0-301F-11D3-BF4B-00C04F79EFBC}") = "Sprint 4.8", "Sprint 4.8\Sprint 4.8.csproj", "{6EC92244-2F9A-4BCA-954F-75AD308FA378}"
EndProject
Project("{FAE04EC0-301F-11D3-BF4B-00C04F79EFBC}") = "Sprint 4.9", "Sprint 4.9\Sprint 4.9.csproj", "{0417A379-E5AA-48AB-A53C-1A8588858CA8}"
EndProject
Project("{FAE04EC0-301F-11D3-BF4B-00C04F79EFBC}") = "Sprint 0 - Leka", "Sprint 0 - Leka\Sprint 0 - Leka.csproj", "{91CB1EAD-CAC5-4AFA-9085-341CC8AEA5D4}"
EndProject
Global
	GlobalSection(SolutionConfigurationPlatforms) = preSolution
		Debug|Any CPU = Debug|Any CPU
		Release|Any CPU = Release|Any CPU
	EndGlobalSection
	GlobalSection(ProjectConfigurationPlatforms) = postSolution
		{2AC490C3-9FC4-4592-8958-1C662AD46683}.Debug|Any CPU.ActiveCfg = Debug|Any CPU
		{2AC490C3-9FC4-4592-8958-1C662AD46683}.Debug|Any CPU.Build.0 = Debug|Any CPU
		{2AC490C3-9FC4-4592-8958-1C662AD46683}.Release|Any CPU.ActiveCfg = Release|Any CPU
		{2AC490C3-9FC4-4592-8958-1C662AD46683}.Release|Any CPU.Build.0 = Release|Any CPU
		{D7536636-80AB-47DD-9A74-2536AF461E67}.Debug|Any CPU.ActiveCfg = Debug|Any CPU
		{D7536636-80AB-47DD-9A74-2536AF461E67}.Debug|Any CPU.Build.0 = Debug|Any CPU
		{D7536636-80AB-47DD-9A74-2536AF461E67}.Release|Any CPU.ActiveCfg = Release|Any CPU
		{D7536636-80AB-47DD-9A74-2536AF461E67}.Release|Any CPU.Build.0 = Release|Any CPU
		{71E9EEFA-E73B-4231-9B03-8032C917FAFB}.Debug|Any CPU.ActiveCfg = Debug|Any CPU
		{71E9EEFA-E73B-4231-9B03-8032C917FAFB}.Debug|Any CPU.Build.0 = Debug|Any CPU
		{71E9EEFA-E73B-4231-9B03-8032C917FAFB}.Release|Any CPU.ActiveCfg = Release|Any CPU
		{71E9EEFA-E73B-4231-9B03-8032C917FAFB}.Release|Any CPU.Build.0 = Release|Any CPU
		{8726CD7E-7637-4D1E-9245-2EA4E09D1DAB}.Debug|Any CPU.ActiveCfg = Debug|Any CPU
		{8726CD7E-7637-4D1E-9245-2EA4E09D1DAB}.Debug|Any CPU.Build.0 = Debug|Any CPU
		{8726CD7E-7637-4D1E-9245-2EA4E09D1DAB}.Release|Any CPU.ActiveCfg = Release|Any CPU
		{8726CD7E-7637-4D1E-9245-2EA4E09D1DAB}.Release|Any CPU.Build.0 = Release|Any CPU
		{ADF27EEA-6715-450A-946D-B693747E1718}.Debug|Any CPU.ActiveCfg = Debug|Any CPU
		{ADF27EEA-6715-450A-946D-B693747E1718}.Debug|Any CPU.Build.0 = Debug|Any CPU
		{ADF27EEA-6715-450A-946D-B693747E1718}.Release|Any CPU.ActiveCfg = Release|Any CPU
		{ADF27EEA-6715-450A-946D-B693747E1718}.Release|Any CPU.Build.0 = Release|Any CPU
		{2DFD5134-72F1-4D31-9672-1A79A219EEEB}.Debug|Any CPU.ActiveCfg = Debug|Any CPU
		{2DFD5134-72F1-4D31-9672-1A79A219EEEB}.Debug|Any CPU.Build.0 = Debug|Any CPU
		{2DFD5134-72F1-4D31-9672-1A79A219EEEB}.Release|Any CPU.ActiveCfg = Release|Any CPU
		{2DFD5134-72F1-4D31-9672-1A79A219EEEB}.Release|Any CPU.Build.0 = Release|Any CPU
		{77888D9B-E19C-4EE4-A1CC-CD5E3A105D99}.Debug|Any CPU.ActiveCfg = Debug|Any CPU
		{77888D9B-E19C-4EE4-A1CC-CD5E3A105D99}.Debug|Any CPU.Build.0 = Debug|Any CPU
		{77888D9B-E19C-4EE4-A1CC-CD5E3A105D99}.Release|Any CPU.ActiveCfg = Release|Any CPU
		{77888D9B-E19C-4EE4-A1CC-CD5E3A105D99}.Release|Any CPU.Build.0 = Release|Any CPU
		{A1B0F5FA-130B-4F16-8E74-D96F931B8C5F}.Debug|Any CPU.ActiveCfg = Debug|Any CPU
		{A1B0F5FA-130B-4F16-8E74-D96F931B8C5F}.Debug|Any CPU.Build.0 = Debug|Any CPU
		{A1B0F5FA-130B-4F16-8E74-D96F931B8C5F}.Release|Any CPU.ActiveCfg = Release|Any CPU
		{A1B0F5FA-130B-4F16-8E74-D96F931B8C5F}.Release|Any CPU.Build.0 = Release|Any CPU
		{6EC92244-2F9A-4BCA-954F-75AD308FA378}.Debug|Any CPU.ActiveCfg = Debug|Any CPU
		{6EC92244-2F9A-4BCA-954F-75AD308FA378}.Debug|Any CPU.Build.0 = Debug|Any CPU
		{6EC92244-2F9A-4BCA-954F-75AD308FA378}.Release|Any CPU.ActiveCfg = Release|Any CPU
		{6EC92244-2F9A-4BCA-954F-75AD308FA378}.Release|Any CPU.Build.0 = Release|Any CPU
		{0417A379-E5AA-48AB-A53C-1A8588858CA8}.Debug|Any CPU.ActiveCfg = Debug|Any CPU
		{0417A379-E5AA-48AB-A53C-1A8588858CA8}.Debug|Any CPU.Build.0 = Debug|Any CPU
		{0417A379-E5AA-48AB-A53C-1A8588858CA8}.Release|Any CPU.ActiveCfg = Release|Any CPU
		{0417A379-E5AA-48AB-A53C-1A8588858CA8}.Release|Any CPU.Build.0 = Release|Any CPU
		{91CB1EAD-CAC5-4AFA-9085-341CC8AEA5D4}.Debug|Any CPU.ActiveCfg = Debug|Any CPU
		{91CB1EAD-CAC5-4AFA-9085-341CC8AEA5D4}.Debug|Any CPU.Build.0 = Debug|Any CPU
		{91CB1EAD-CAC5-4AFA-9085-341CC8AEA5D4}.Release|Any CPU.ActiveCfg = Release|Any CPU
		{91CB1EAD-CAC5-4AFA-9085-341CC8AEA5D4}.Release|Any CPU.Build.0 = Release|Any CPU
	EndGlobalSection
	GlobalSection(SolutionProperties) = preSolution
		HideSolutionNode = FALSE
	EndGlobalSection
	GlobalSection(ExtensibilityGlobals) = postSolution
		SolutionGuid = {56EB242E-222F-43CB-939A-36D282A98766}
	EndGlobalSection
EndGlobal
